
Microsoft Visual Studio Solution File, Format Version 12.00
# Visual Studio Version 17
VisualStudioVersion = 17.0.32112.339
MinimumVisualStudioVersion = 10.0.40219.1
Project("{FAE04EC0-301F-11D3-BF4B-00C04F79EFBC}") = "eTickets", "eTickets\eTickets.csproj", "{2C1000D7-0B78-4FF2-8CDF-5A1B7DB6930E}"
EndProject
Global
	GlobalSection(SolutionConfigurationPlatforms) = preSolution
		Debug|Any CPU = Debug|Any CPU
		Release|Any CPU = Release|Any CPU
	EndGlobalSection
	GlobalSection(ProjectConfigurationPlatforms) = postSolution
		{2C1000D7-0B78-4FF2-8CDF-5A1B7DB6930E}.Debug|Any CPU.ActiveCfg = Debug|Any CPU
		{2C1000D7-0B78-4FF2-8CDF-5A1B7DB6930E}.Debug|Any CPU.Build.0 = Debug|Any CPU
		{2C1000D7-0B78-4FF2-8CDF-5A1B7DB6930E}.Release|Any CPU.ActiveCfg = Release|Any CPU
		{2C1000D7-0B78-4FF2-8CDF-5A1B7DB6930E}.Release|Any CPU.Build.0 = Release|Any CPU
	EndGlobalSection
	GlobalSection(SolutionProperties) = preSolution
		HideSolutionNode = FALSE
	EndGlobalSection
	GlobalSection(ExtensibilityGlobals) = postSolution
		SolutionGuid = {C32A98C6-E2DB-453A-B604-66B1786BB86E}
	EndGlobalSection
EndGlobal
